
Microsoft Visual Studio Solution File, Format Version 12.00
# Visual Studio 15
VisualStudioVersion = 15.0.27428.2043
MinimumVisualStudioVersion = 10.0.40219.1
Project("{9A19103F-16F7-4668-BE54-9A1E7A4F7556}") = "OrangeNBT", "OrangeNBT\OrangeNBT.csproj", "{3428D2A9-85CD-4C9F-B90A-1973794E0FB1}"
EndProject
Project("{9A19103F-16F7-4668-BE54-9A1E7A4F7556}") = "OrangeNBT.Data", "OrangeNBT.Data\OrangeNBT.Data.csproj", "{F350B769-85A2-4DD8-814D-FA0A4AFDA11E}"
EndProject
Project("{9A19103F-16F7-4668-BE54-9A1E7A4F7556}") = "OrangeNBT.World", "OrangeNBT.World\OrangeNBT.World.csproj", "{1C909A12-2854-4395-8F2E-3FB63B111000}"
EndProject
Project("{FAE04EC0-301F-11D3-BF4B-00C04F79EFBC}") = "OrangeNBT.BE", "OrangeNBT.BE\OrangeNBT.BE.csproj", "{DB115D50-BEF0-40E2-8ABF-5287D8077874}"
EndProject
Global
	GlobalSection(SolutionConfigurationPlatforms) = preSolution
		Debug|Any CPU = Debug|Any CPU
		Release|Any CPU = Release|Any CPU
	EndGlobalSection
	GlobalSection(ProjectConfigurationPlatforms) = postSolution
		{3428D2A9-85CD-4C9F-B90A-1973794E0FB1}.Debug|Any CPU.ActiveCfg = Debug|Any CPU
		{3428D2A9-85CD-4C9F-B90A-1973794E0FB1}.Debug|Any CPU.Build.0 = Debug|Any CPU
		{3428D2A9-85CD-4C9F-B90A-1973794E0FB1}.Release|Any CPU.ActiveCfg = Release|Any CPU
		{3428D2A9-85CD-4C9F-B90A-1973794E0FB1}.Release|Any CPU.Build.0 = Release|Any CPU
		{F350B769-85A2-4DD8-814D-FA0A4AFDA11E}.Debug|Any CPU.ActiveCfg = Debug|Any CPU
		{F350B769-85A2-4DD8-814D-FA0A4AFDA11E}.Debug|Any CPU.Build.0 = Debug|Any CPU
		{F350B769-85A2-4DD8-814D-FA0A4AFDA11E}.Release|Any CPU.ActiveCfg = Release|Any CPU
		{F350B769-85A2-4DD8-814D-FA0A4AFDA11E}.Release|Any CPU.Build.0 = Release|Any CPU
		{1C909A12-2854-4395-8F2E-3FB63B111000}.Debug|Any CPU.ActiveCfg = Debug|Any CPU
		{1C909A12-2854-4395-8F2E-3FB63B111000}.Debug|Any CPU.Build.0 = Debug|Any CPU
		{1C909A12-2854-4395-8F2E-3FB63B111000}.Release|Any CPU.ActiveCfg = Release|Any CPU
		{1C909A12-2854-4395-8F2E-3FB63B111000}.Release|Any CPU.Build.0 = Release|Any CPU
		{DB115D50-BEF0-40E2-8ABF-5287D8077874}.Debug|Any CPU.ActiveCfg = Debug|Any CPU
		{DB115D50-BEF0-40E2-8ABF-5287D8077874}.Debug|Any CPU.Build.0 = Debug|Any CPU
		{DB115D50-BEF0-40E2-8ABF-5287D8077874}.Release|Any CPU.ActiveCfg = Release|Any CPU
		{DB115D50-BEF0-40E2-8ABF-5287D8077874}.Release|Any CPU.Build.0 = Release|Any CPU
	EndGlobalSection
	GlobalSection(SolutionProperties) = preSolution
		HideSolutionNode = FALSE
	EndGlobalSection
	GlobalSection(ExtensibilityGlobals) = postSolution
		SolutionGuid = {94192291-D33A-43B2-9BF0-DFD36018B927}
	EndGlobalSection
EndGlobal
